
Microsoft Visual Studio Solution File, Format Version 12.00
# Visual Studio Version 16
VisualStudioVersion = 16.0.29009.5
MinimumVisualStudioVersion = 10.0.40219.1
Project("{FAE04EC0-301F-11D3-BF4B-00C04F79EFBC}") = "Exercise_8", "Exercise_8\Exercise_8.csproj", "{621BF32E-1114-4BE2-A111-CAAA386389A2}"
EndProject
Global
	GlobalSection(SolutionConfigurationPlatforms) = preSolution
		Debug|Any CPU = Debug|Any CPU
		Release|Any CPU = Release|Any CPU
	EndGlobalSection
	GlobalSection(ProjectConfigurationPlatforms) = postSolution
		{621BF32E-1114-4BE2-A111-CAAA386389A2}.Debug|Any CPU.ActiveCfg = Debug|Any CPU
		{621BF32E-1114-4BE2-A111-CAAA386389A2}.Debug|Any CPU.Build.0 = Debug|Any CPU
		{621BF32E-1114-4BE2-A111-CAAA386389A2}.Release|Any CPU.ActiveCfg = Release|Any CPU
		{621BF32E-1114-4BE2-A111-CAAA386389A2}.Release|Any CPU.Build.0 = Release|Any CPU
	EndGlobalSection
	GlobalSection(SolutionProperties) = preSolution
		HideSolutionNode = FALSE
	EndGlobalSection
	GlobalSection(ExtensibilityGlobals) = postSolution
		SolutionGuid = {FE4655FC-5F43-4E20-9908-408084F58EDB}
	EndGlobalSection
EndGlobal
